// !$*UTF8*$!
{
	archiveVersion = 1;
	classes = {
	};
	objectVersion = 56;
	objects = {

/* Begin PBXBuildFile section */
		F2A187332B3FE82E006DAC96 /* AppDelegate.swift in Sources */ = {isa = PBXBuildFile; fileRef = F2A187322B3FE82E006DAC96 /* AppDelegate.swift */; };
		F2A187352B3FE82E006DAC96 /* SceneDelegate.swift in Sources */ = {isa = PBXBuildFile; fileRef = F2A187342B3FE82E006DAC96 /* SceneDelegate.swift */; };
		F2A187372B3FE82E006DAC96 /* MainViewController.swift in Sources */ = {isa = PBXBuildFile; fileRef = F2A187362B3FE82E006DAC96 /* MainViewController.swift */; };
		F2A1873C2B3FE830006DAC96 /* Assets.xcassets in Resources */ = {isa = PBXBuildFile; fileRef = F2A1873B2B3FE830006DAC96 /* Assets.xcassets */; };
		F2A1873F2B3FE830006DAC96 /* LaunchScreen.storyboard in Resources */ = {isa = PBXBuildFile; fileRef = F2A1873D2B3FE830006DAC96 /* LaunchScreen.storyboard */; };
		F2A1874B2B3FEC28006DAC96 /* ColorExtension.swift in Sources */ = {isa = PBXBuildFile; fileRef = F2A1874A2B3FEC28006DAC96 /* ColorExtension.swift */; };
		F2A1874F2B401B41006DAC96 /* CardsModel.swift in Sources */ = {isa = PBXBuildFile; fileRef = F2A1874E2B401B41006DAC96 /* CardsModel.swift */; };
		F2A187512B401BC8006DAC96 /* CardView.swift in Sources */ = {isa = PBXBuildFile; fileRef = F2A187502B401BC8006DAC96 /* CardView.swift */; };
		F2A187542B404991006DAC96 /* DeleteCardDelegate.swift in Sources */ = {isa = PBXBuildFile; fileRef = F2A187532B404991006DAC96 /* DeleteCardDelegate.swift */; };
		F2A1875B2B4193B7006DAC96 /* Constants.swift in Sources */ = {isa = PBXBuildFile; fileRef = F2A1875A2B4193B7006DAC96 /* Constants.swift */; };
		F2A1875E2B419C9C006DAC96 /* ViewModel.swift in Sources */ = {isa = PBXBuildFile; fileRef = F2A1875D2B419C9C006DAC96 /* ViewModel.swift */; };
/* End PBXBuildFile section */

/* Begin PBXFileReference section */
		F2A1872F2B3FE82E006DAC96 /* OnboardingApp.app */ = {isa = PBXFileReference; explicitFileType = wrapper.application; includeInIndex = 0; path = OnboardingApp.app; sourceTree = BUILT_PRODUCTS_DIR; };
		F2A187322B3FE82E006DAC96 /* AppDelegate.swift */ = {isa = PBXFileReference; lastKnownFileType = sourcecode.swift; path = AppDelegate.swift; sourceTree = "<group>"; };
		F2A187342B3FE82E006DAC96 /* SceneDelegate.swift */ = {isa = PBXFileReference; lastKnownFileType = sourcecode.swift; path = SceneDelegate.swift; sourceTree = "<group>"; };
		F2A187362B3FE82E006DAC96 /* MainViewController.swift */ = {isa = PBXFileReference; lastKnownFileType = sourcecode.swift; path = MainViewController.swift; sourceTree = "<group>"; };
		F2A1873B2B3FE830006DAC96 /* Assets.xcassets */ = {isa = PBXFileReference; lastKnownFileType = folder.assetcatalog; path = Assets.xcassets; sourceTree = "<group>"; };
		F2A1873E2B3FE830006DAC96 /* Base */ = {isa = PBXFileReference; lastKnownFileType = file.storyboard; name = Base; path = Base.lproj/LaunchScreen.storyboard; sourceTree = "<group>"; };
		F2A187402B3FE830006DAC96 /* Info.plist */ = {isa = PBXFileReference; lastKnownFileType = text.plist.xml; path = Info.plist; sourceTree = "<group>"; };
		F2A1874A2B3FEC28006DAC96 /* ColorExtension.swift */ = {isa = PBXFileReference; lastKnownFileType = sourcecode.swift; path = ColorExtension.swift; sourceTree = "<group>"; };
		F2A1874E2B401B41006DAC96 /* CardsModel.swift */ = {isa = PBXFileReference; lastKnownFileType = sourcecode.swift; path = CardsModel.swift; sourceTree = "<group>"; };
		F2A187502B401BC8006DAC96 /* CardView.swift */ = {isa = PBXFileReference; lastKnownFileType = sourcecode.swift; path = CardView.swift; sourceTree = "<group>"; };
		F2A187532B404991006DAC96 /* DeleteCardDelegate.swift */ = {isa = PBXFileReference; lastKnownFileType = sourcecode.swift; path = DeleteCardDelegate.swift; sourceTree = "<group>"; };
		F2A1875A2B4193B7006DAC96 /* Constants.swift */ = {isa = PBXFileReference; lastKnownFileType = sourcecode.swift; path = Constants.swift; sourceTree = "<group>"; };
		F2A1875D2B419C9C006DAC96 /* ViewModel.swift */ = {isa = PBXFileReference; lastKnownFileType = sourcecode.swift; path = ViewModel.swift; sourceTree = "<group>"; };
/* End PBXFileReference section */

/* Begin PBXFrameworksBuildPhase section */
		F2A1872C2B3FE82E006DAC96 /* Frameworks */ = {
			isa = PBXFrameworksBuildPhase;
			buildActionMask = 2147483647;
			files = (
			);
			runOnlyForDeploymentPostprocessing = 0;
		};
/* End PBXFrameworksBuildPhase section */

/* Begin PBXGroup section */
		F2A187262B3FE82E006DAC96 = {
			isa = PBXGroup;
			children = (
				F2A187312B3FE82E006DAC96 /* OnboardingApp */,
				F2A187302B3FE82E006DAC96 /* Products */,
			);
			sourceTree = "<group>";
		};
		F2A187302B3FE82E006DAC96 /* Products */ = {
			isa = PBXGroup;
			children = (
				F2A1872F2B3FE82E006DAC96 /* OnboardingApp.app */,
			);
			name = Products;
			sourceTree = "<group>";
		};
		F2A187312B3FE82E006DAC96 /* OnboardingApp */ = {
			isa = PBXGroup;
			children = (
				F2A187482B3FEA35006DAC96 /* App */,
				F2A187472B3FE9EB006DAC96 /* Controller */,
				F2A187592B4193A3006DAC96 /* Helpers */,
				F2A1874D2B401B17006DAC96 /* Model */,
				F2A1874C2B401AF1006DAC96 /* View */,
				F2A1875C2B419C73006DAC96 /* ViewModel */,
				F2A187522B404951006DAC96 /* Protocol */,
				F2A187462B3FE8C0006DAC96 /* Resources */,
			);
			path = OnboardingApp;
			sourceTree = "<group>";
		};
		F2A187462B3FE8C0006DAC96 /* Resources */ = {
			isa = PBXGroup;
			children = (
				F2A1873B2B3FE830006DAC96 /* Assets.xcassets */,
				F2A1873D2B3FE830006DAC96 /* LaunchScreen.storyboard */,
				F2A187402B3FE830006DAC96 /* Info.plist */,
			);
			path = Resources;
			sourceTree = "<group>";
		};
		F2A187472B3FE9EB006DAC96 /* Controller */ = {
			isa = PBXGroup;
			children = (
				F2A187362B3FE82E006DAC96 /* MainViewController.swift */,
			);
			path = Controller;
			sourceTree = "<group>";
		};
		F2A187482B3FEA35006DAC96 /* App */ = {
			isa = PBXGroup;
			children = (
				F2A187322B3FE82E006DAC96 /* AppDelegate.swift */,
				F2A187342B3FE82E006DAC96 /* SceneDelegate.swift */,
			);
			path = App;
			sourceTree = "<group>";
		};
		F2A187492B3FEBEE006DAC96 /* Extension + String */ = {
			isa = PBXGroup;
			children = (
				F2A1874A2B3FEC28006DAC96 /* ColorExtension.swift */,
			);
			path = "Extension + String";
			sourceTree = "<group>";
		};
		F2A1874C2B401AF1006DAC96 /* View */ = {
			isa = PBXGroup;
			children = (
				F2A187502B401BC8006DAC96 /* CardView.swift */,
			);
			path = View;
			sourceTree = "<group>";
		};
		F2A1874D2B401B17006DAC96 /* Model */ = {
			isa = PBXGroup;
			children = (
				F2A1874E2B401B41006DAC96 /* CardsModel.swift */,
			);
			path = Model;
			sourceTree = "<group>";
		};
		F2A187522B404951006DAC96 /* Protocol */ = {
			isa = PBXGroup;
			children = (
				F2A187532B404991006DAC96 /* DeleteCardDelegate.swift */,
			);
			path = Protocol;
			sourceTree = "<group>";
		};
		F2A187592B4193A3006DAC96 /* Helpers */ = {
			isa = PBXGroup;
			children = (
				F2A187492B3FEBEE006DAC96 /* Extension + String */,
				F2A1875A2B4193B7006DAC96 /* Constants.swift */,
			);
			path = Helpers;
			sourceTree = "<group>";
		};
		F2A1875C2B419C73006DAC96 /* ViewModel */ = {
			isa = PBXGroup;
			children = (
				F2A1875D2B419C9C006DAC96 /* ViewModel.swift */,
			);
			path = ViewModel;
			sourceTree = "<group>";
		};
/* End PBXGroup section */

/* Begin PBXNativeTarget section */
		F2A1872E2B3FE82E006DAC96 /* OnboardingApp */ = {
			isa = PBXNativeTarget;
			buildConfigurationList = F2A187432B3FE830006DAC96 /* Build configuration list for PBXNativeTarget "OnboardingApp" */;
			buildPhases = (
				F2A1872B2B3FE82E006DAC96 /* Sources */,
				F2A1872C2B3FE82E006DAC96 /* Frameworks */,
				F2A1872D2B3FE82E006DAC96 /* Resources */,
			);
			buildRules = (
			);
			dependencies = (
			);
			name = OnboardingApp;
			productName = OnboardingApp;
			productReference = F2A1872F2B3FE82E006DAC96 /* OnboardingApp.app */;
			productType = "com.apple.product-type.application";
		};
/* End PBXNativeTarget section */

/* Begin PBXProject section */
		F2A187272B3FE82E006DAC96 /* Project object */ = {
			isa = PBXProject;
			attributes = {
				BuildIndependentTargetsInParallel = 1;
				LastSwiftUpdateCheck = 1510;
				LastUpgradeCheck = 1510;
				TargetAttributes = {
					F2A1872E2B3FE82E006DAC96 = {
						CreatedOnToolsVersion = 15.1;
					};
				};
			};
			buildConfigurationList = F2A1872A2B3FE82E006DAC96 /* Build configuration list for PBXProject "OnboardingApp" */;
			compatibilityVersion = "Xcode 14.0";
			developmentRegion = en;
			hasScannedForEncodings = 0;
			knownRegions = (
				en,
				Base,
			);
			mainGroup = F2A187262B3FE82E006DAC96;
			productRefGroup = F2A187302B3FE82E006DAC96 /* Products */;
			projectDirPath = "";
			projectRoot = "";
			targets = (
				F2A1872E2B3FE82E006DAC96 /* OnboardingApp */,
			);
		};
/* End PBXProject section */

/* Begin PBXResourcesBuildPhase section */
		F2A1872D2B3FE82E006DAC96 /* Resources */ = {
			isa = PBXResourcesBuildPhase;
			buildActionMask = 2147483647;
			files = (
				F2A1873F2B3FE830006DAC96 /* LaunchScreen.storyboard in Resources */,
				F2A1873C2B3FE830006DAC96 /* Assets.xcassets in Resources */,
			);
			runOnlyForDeploymentPostprocessing = 0;
		};
/* End PBXResourcesBuildPhase section */

/* Begin PBXSourcesBuildPhase section */
		F2A1872B2B3FE82E006DAC96 /* Sources */ = {
			isa = PBXSourcesBuildPhase;
			buildActionMask = 2147483647;
			files = (
				F2A187372B3FE82E006DAC96 /* MainViewController.swift in Sources */,
				F2A1875E2B419C9C006DAC96 /* ViewModel.swift in Sources */,
				F2A187332B3FE82E006DAC96 /* AppDelegate.swift in Sources */,
				F2A187352B3FE82E006DAC96 /* SceneDelegate.swift in Sources */,
				F2A187542B404991006DAC96 /* DeleteCardDelegate.swift in Sources */,
				F2A1874B2B3FEC28006DAC96 /* ColorExtension.swift in Sources */,
				F2A187512B401BC8006DAC96 /* CardView.swift in Sources */,
				F2A1874F2B401B41006DAC96 /* CardsModel.swift in Sources */,
				F2A1875B2B4193B7006DAC96 /* Constants.swift in Sources */,
			);
			runOnlyForDeploymentPostprocessing = 0;
		};
/* End PBXSourcesBuildPhase section */

/* Begin PBXVariantGroup section */
		F2A1873D2B3FE830006DAC96 /* LaunchScreen.storyboard */ = {
			isa = PBXVariantGroup;
			children = (
				F2A1873E2B3FE830006DAC96 /* Base */,
			);
			name = LaunchScreen.storyboard;
			sourceTree = "<group>";
		};
/* End PBXVariantGroup section */

/* Begin XCBuildConfiguration section */
		F2A187412B3FE830006DAC96 /* Debug */ = {
			isa = XCBuildConfiguration;
			buildSettings = {
				ALWAYS_SEARCH_USER_PATHS = NO;
				ASSETCATALOG_COMPILER_GENERATE_SWIFT_ASSET_SYMBOL_EXTENSIONS = YES;
				CLANG_ANALYZER_NONNULL = YES;
				CLANG_ANALYZER_NUMBER_OBJECT_CONVERSION = YES_AGGRESSIVE;
				CLANG_CXX_LANGUAGE_STANDARD = "gnu++20";
				CLANG_ENABLE_MODULES = YES;
				CLANG_ENABLE_OBJC_ARC = YES;
				CLANG_ENABLE_OBJC_WEAK = YES;
				CLANG_WARN_BLOCK_CAPTURE_AUTORELEASING = YES;
				CLANG_WARN_BOOL_CONVERSION = YES;
				CLANG_WARN_COMMA = YES;
				CLANG_WARN_CONSTANT_CONVERSION = YES;
				CLANG_WARN_DEPRECATED_OBJC_IMPLEMENTATIONS = YES;
				CLANG_WARN_DIRECT_OBJC_ISA_USAGE = YES_ERROR;
				CLANG_WARN_DOCUMENTATION_COMMENTS = YES;
				CLANG_WARN_EMPTY_BODY = YES;
				CLANG_WARN_ENUM_CONVERSION = YES;
				CLANG_WARN_INFINITE_RECURSION = YES;
				CLANG_WARN_INT_CONVERSION = YES;
				CLANG_WARN_NON_LITERAL_NULL_CONVERSION = YES;
				CLANG_WARN_OBJC_IMPLICIT_RETAIN_SELF = YES;
				CLANG_WARN_OBJC_LITERAL_CONVERSION = YES;
				CLANG_WARN_OBJC_ROOT_CLASS = YES_ERROR;
				CLANG_WARN_QUOTED_INCLUDE_IN_FRAMEWORK_HEADER = YES;
				CLANG_WARN_RANGE_LOOP_ANALYSIS = YES;
				CLANG_WARN_STRICT_PROTOTYPES = YES;
				CLANG_WARN_SUSPICIOUS_MOVE = YES;
				CLANG_WARN_UNGUARDED_AVAILABILITY = YES_AGGRESSIVE;
				CLANG_WARN_UNREACHABLE_CODE = YES;
				CLANG_WARN__DUPLICATE_METHOD_MATCH = YES;
				COPY_PHASE_STRIP = NO;
				DEBUG_INFORMATION_FORMAT = dwarf;
				ENABLE_STRICT_OBJC_MSGSEND = YES;
				ENABLE_TESTABILITY = YES;
				ENABLE_USER_SCRIPT_SANDBOXING = YES;
				GCC_C_LANGUAGE_STANDARD = gnu17;
				GCC_DYNAMIC_NO_PIC = NO;
				GCC_NO_COMMON_BLOCKS = YES;
				GCC_OPTIMIZATION_LEVEL = 0;
				GCC_PREPROCESSOR_DEFINITIONS = (
					"DEBUG=1",
					"$(inherited)",
				);
				GCC_WARN_64_TO_32_BIT_CONVERSION = YES;
				GCC_WARN_ABOUT_RETURN_TYPE = YES_ERROR;
				GCC_WARN_UNDECLARED_SELECTOR = YES;
				GCC_WARN_UNINITIALIZED_AUTOS = YES_AGGRESSIVE;
				GCC_WARN_UNUSED_FUNCTION = YES;
				GCC_WARN_UNUSED_VARIABLE = YES;
				IPHONEOS_DEPLOYMENT_TARGET = 17.2;
				LOCALIZATION_PREFERS_STRING_CATALOGS = YES;
				MTL_ENABLE_DEBUG_INFO = INCLUDE_SOURCE;
				MTL_FAST_MATH = YES;
				ONLY_ACTIVE_ARCH = YES;
				SDKROOT = iphoneos;
				SWIFT_ACTIVE_COMPILATION_CONDITIONS = "DEBUG $(inherited)";
				SWIFT_OPTIMIZATION_LEVEL = "-Onone";
			};
			name = Debug;
		};
		F2A187422B3FE830006DAC96 /* Release */ = {
			isa = XCBuildConfiguration;
			buildSettings = {
				ALWAYS_SEARCH_USER_PATHS = NO;
				ASSETCATALOG_COMPILER_GENERATE_SWIFT_ASSET_SYMBOL_EXTENSIONS = YES;
				CLANG_ANALYZER_NONNULL = YES;
				CLANG_ANALYZER_NUMBER_OBJECT_CONVERSION = YES_AGGRESSIVE;
				CLANG_CXX_LANGUAGE_STANDARD = "gnu++20";
				CLANG_ENABLE_MODULES = YES;
				CLANG_ENABLE_OBJC_ARC = YES;
				CLANG_ENABLE_OBJC_WEAK = YES;
				CLANG_WARN_BLOCK_CAPTURE_AUTORELEASING = YES;
				CLANG_WARN_BOOL_CONVERSION = YES;
				CLANG_WARN_COMMA = YES;
				CLANG_WARN_CONSTANT_CONVERSION = YES;
				CLANG_WARN_DEPRECATED_OBJC_IMPLEMENTATIONS = YES;
				CLANG_WARN_DIRECT_OBJC_ISA_USAGE = YES_ERROR;
				CLANG_WARN_DOCUMENTATION_COMMENTS = YES;
				CLANG_WARN_EMPTY_BODY = YES;
				CLANG_WARN_ENUM_CONVERSION = YES;
				CLANG_WARN_INFINITE_RECURSION = YES;
				CLANG_WARN_INT_CONVERSION = YES;
				CLANG_WARN_NON_LITERAL_NULL_CONVERSION = YES;
				CLANG_WARN_OBJC_IMPLICIT_RETAIN_SELF = YES;
				CLANG_WARN_OBJC_LITERAL_CONVERSION = YES;
				CLANG_WARN_OBJC_ROOT_CLASS = YES_ERROR;
				CLANG_WARN_QUOTED_INCLUDE_IN_FRAMEWORK_HEADER = YES;
				CLANG_WARN_RANGE_LOOP_ANALYSIS = YES;
				CLANG_WARN_STRICT_PROTOTYPES = YES;
				CLANG_WARN_SUSPICIOUS_MOVE = YES;
				CLANG_WARN_UNGUARDED_AVAILABILITY = YES_AGGRESSIVE;
				CLANG_WARN_UNREACHABLE_CODE = YES;
				CLANG_WARN__DUPLICATE_METHOD_MATCH = YES;
				COPY_PHASE_STRIP = NO;
				DEBUG_INFORMATION_FORMAT = "dwarf-with-dsym";
				ENABLE_NS_ASSERTIONS = NO;
				ENABLE_STRICT_OBJC_MSGSEND = YES;
				ENABLE_USER_SCRIPT_SANDBOXING = YES;
				GCC_C_LANGUAGE_STANDARD = gnu17;
				GCC_NO_COMMON_BLOCKS = YES;
				GCC_WARN_64_TO_32_BIT_CONVERSION = YES;
				GCC_WARN_ABOUT_RETURN_TYPE = YES_ERROR;
				GCC_WARN_UNDECLARED_SELECTOR = YES;
				GCC_WARN_UNINITIALIZED_AUTOS = YES_AGGRESSIVE;
				GCC_WARN_UNUSED_FUNCTION = YES;
				GCC_WARN_UNUSED_VARIABLE = YES;
				IPHONEOS_DEPLOYMENT_TARGET = 17.2;
				LOCALIZATION_PREFERS_STRING_CATALOGS = YES;
				MTL_ENABLE_DEBUG_INFO = NO;
				MTL_FAST_MATH = YES;
				SDKROOT = iphoneos;
				SWIFT_COMPILATION_MODE = wholemodule;
				VALIDATE_PRODUCT = YES;
			};
			name = Release;
		};
		F2A187442B3FE830006DAC96 /* Debug */ = {
			isa = XCBuildConfiguration;
			buildSettings = {
				ASSETCATALOG_COMPILER_APPICON_NAME = AppIcon;
				ASSETCATALOG_COMPILER_GLOBAL_ACCENT_COLOR_NAME = AccentColor;
				CODE_SIGN_STYLE = Automatic;
				CURRENT_PROJECT_VERSION = 1;
				DEVELOPMENT_TEAM = D72SRF9P4B;
				GENERATE_INFOPLIST_FILE = YES;
				INFOPLIST_FILE = OnboardingApp/Resources/Info.plist;
				INFOPLIST_KEY_UIApplicationSupportsIndirectInputEvents = YES;
				INFOPLIST_KEY_UILaunchStoryboardName = LaunchScreen;
				INFOPLIST_KEY_UISupportedInterfaceOrientations = UIInterfaceOrientationPortrait;
				INFOPLIST_KEY_UISupportedInterfaceOrientations_iPad = "UIInterfaceOrientationLandscapeLeft UIInterfaceOrientationLandscapeRight UIInterfaceOrientationPortrait UIInterfaceOrientationPortraitUpsideDown";
				IPHONEOS_DEPLOYMENT_TARGET = 16.0;
				LD_RUNPATH_SEARCH_PATHS = (
					"$(inherited)",
					"@executable_path/Frameworks",
				);
				MARKETING_VERSION = 1.0;
				PRODUCT_BUNDLE_IDENTIFIER = "ezepchuk-2011-mail.ru.OnboardingApp";
				PRODUCT_NAME = "$(TARGET_NAME)";
				SUPPORTED_PLATFORMS = "iphoneos iphonesimulator";
				SUPPORTS_MACCATALYST = NO;
				SUPPORTS_MAC_DESIGNED_FOR_IPHONE_IPAD = NO;
				SWIFT_EMIT_LOC_STRINGS = YES;
				SWIFT_VERSION = 5.0;
				TARGETED_DEVICE_FAMILY = 1;
			};
			name = Debug;
		};
		F2A187452B3FE830006DAC96 /* Release */ = {
			isa = XCBuildConfiguration;
			buildSettings = {
				ASSETCATALOG_COMPILER_APPICON_NAME = AppIcon;
				ASSETCATALOG_COMPILER_GLOBAL_ACCENT_COLOR_NAME = AccentColor;
				CODE_SIGN_STYLE = Automatic;
				CURRENT_PROJECT_VERSION = 1;
				DEVELOPMENT_TEAM = D72SRF9P4B;
				GENERATE_INFOPLIST_FILE = YES;
				INFOPLIST_FILE = OnboardingApp/Resources/Info.plist;
				INFOPLIST_KEY_UIApplicationSupportsIndirectInputEvents = YES;
				INFOPLIST_KEY_UILaunchStoryboardName = LaunchScreen;
				INFOPLIST_KEY_UISupportedInterfaceOrientations = UIInterfaceOrientationPortrait;
				INFOPLIST_KEY_UISupportedInterfaceOrientations_iPad = "UIInterfaceOrientationLandscapeLeft UIInterfaceOrientationLandscapeRight UIInterfaceOrientationPortrait UIInterfaceOrientationPortraitUpsideDown";
				IPHONEOS_DEPLOYMENT_TARGET = 16.0;
				LD_RUNPATH_SEARCH_PATHS = (
					"$(inherited)",
					"@executable_path/Frameworks",
				);
				MARKETING_VERSION = 1.0;
				PRODUCT_BUNDLE_IDENTIFIER = "ezepchuk-2011-mail.ru.OnboardingApp";
				PRODUCT_NAME = "$(TARGET_NAME)";
				SUPPORTED_PLATFORMS = "iphoneos iphonesimulator";
				SUPPORTS_MACCATALYST = NO;
				SUPPORTS_MAC_DESIGNED_FOR_IPHONE_IPAD = NO;
				SWIFT_EMIT_LOC_STRINGS = YES;
				SWIFT_VERSION = 5.0;
				TARGETED_DEVICE_FAMILY = 1;
			};
			name = Release;
		};
/* End XCBuildConfiguration section */

/* Begin XCConfigurationList section */
		F2A1872A2B3FE82E006DAC96 /* Build configuration list for PBXProject "OnboardingApp" */ = {
			isa = XCConfigurationList;
			buildConfigurations = (
				F2A187412B3FE830006DAC96 /* Debug */,
				F2A187422B3FE830006DAC96 /* Release */,
			);
			defaultConfigurationIsVisible = 0;
			defaultConfigurationName = Release;
		};
		F2A187432B3FE830006DAC96 /* Build configuration list for PBXNativeTarget "OnboardingApp" */ = {
			isa = XCConfigurationList;
			buildConfigurations = (
				F2A187442B3FE830006DAC96 /* Debug */,
				F2A187452B3FE830006DAC96 /* Release */,
			);
			defaultConfigurationIsVisible = 0;
			defaultConfigurationName = Release;
		};
/* End XCConfigurationList section */
	};
	rootObject = F2A187272B3FE82E006DAC96 /* Project object */;
}
